// !$*UTF8*$!
{
	archiveVersion = 1;
	classes = {
	};
	objectVersion = 56;
	objects = {

/* Begin PBXBuildFile section */
		F9097FF62A6FF32900479D1B /* monthResetView.swift in Sources */ = {isa = PBXBuildFile; fileRef = F9097FF52A6FF32900479D1B /* monthResetView.swift */; };
		F927427E2A70363500945BE8 /* tagsVM.swift in Sources */ = {isa = PBXBuildFile; fileRef = F927427D2A70363500945BE8 /* tagsVM.swift */; };
		F92742812A703C7C00945BE8 /* tagsView.swift in Sources */ = {isa = PBXBuildFile; fileRef = F92742802A703C7C00945BE8 /* tagsView.swift */; };
		F92742832A703C9400945BE8 /* UserDefaultsManager.swift in Sources */ = {isa = PBXBuildFile; fileRef = F92742822A703C9400945BE8 /* UserDefaultsManager.swift */; };
		F92742852A7298AB00945BE8 /* billsListView.swift in Sources */ = {isa = PBXBuildFile; fileRef = F92742842A7298AB00945BE8 /* billsListView.swift */; };
		F95591B62A695CFE00BCE289 /* appStorage.swift in Sources */ = {isa = PBXBuildFile; fileRef = F95591B52A695CFE00BCE289 /* appStorage.swift */; };
		F95591B82A69862E00BCE289 /* billsVM.swift in Sources */ = {isa = PBXBuildFile; fileRef = F95591B72A69862E00BCE289 /* billsVM.swift */; };
		F95591BA2A6987CA00BCE289 /* billsView.swift in Sources */ = {isa = PBXBuildFile; fileRef = F95591B92A6987CA00BCE289 /* billsView.swift */; };
		F95591BC2A6AB5FB00BCE289 /* onboardingView.swift in Sources */ = {isa = PBXBuildFile; fileRef = F95591BB2A6AB5FB00BCE289 /* onboardingView.swift */; };
		F962F43E2A672852002ED871 /* budgetAppApp.swift in Sources */ = {isa = PBXBuildFile; fileRef = F962F43D2A672852002ED871 /* budgetAppApp.swift */; };
		F962F4402A672852002ED871 /* ContentView.swift in Sources */ = {isa = PBXBuildFile; fileRef = F962F43F2A672852002ED871 /* ContentView.swift */; };
		F962F4422A672853002ED871 /* Assets.xcassets in Resources */ = {isa = PBXBuildFile; fileRef = F962F4412A672853002ED871 /* Assets.xcassets */; };
		F962F4462A672853002ED871 /* Preview Assets.xcassets in Resources */ = {isa = PBXBuildFile; fileRef = F962F4452A672853002ED871 /* Preview Assets.xcassets */; };
/* End PBXBuildFile section */

/* Begin PBXFileReference section */
		F9097FF52A6FF32900479D1B /* monthResetView.swift */ = {isa = PBXFileReference; lastKnownFileType = sourcecode.swift; path = monthResetView.swift; sourceTree = "<group>"; };
		F91079892A6AD7AC008ADBAF /* Info.plist */ = {isa = PBXFileReference; lastKnownFileType = text.plist; path = Info.plist; sourceTree = "<group>"; };
		F927427D2A70363500945BE8 /* tagsVM.swift */ = {isa = PBXFileReference; lastKnownFileType = sourcecode.swift; path = tagsVM.swift; sourceTree = "<group>"; };
		F92742802A703C7C00945BE8 /* tagsView.swift */ = {isa = PBXFileReference; lastKnownFileType = sourcecode.swift; path = tagsView.swift; sourceTree = "<group>"; };
		F92742822A703C9400945BE8 /* UserDefaultsManager.swift */ = {isa = PBXFileReference; lastKnownFileType = sourcecode.swift; path = UserDefaultsManager.swift; sourceTree = "<group>"; };
		F92742842A7298AB00945BE8 /* billsListView.swift */ = {isa = PBXFileReference; lastKnownFileType = sourcecode.swift; path = billsListView.swift; sourceTree = "<group>"; };
		F95591B52A695CFE00BCE289 /* appStorage.swift */ = {isa = PBXFileReference; lastKnownFileType = sourcecode.swift; path = appStorage.swift; sourceTree = "<group>"; };
		F95591B72A69862E00BCE289 /* billsVM.swift */ = {isa = PBXFileReference; lastKnownFileType = sourcecode.swift; path = billsVM.swift; sourceTree = "<group>"; };
		F95591B92A6987CA00BCE289 /* billsView.swift */ = {isa = PBXFileReference; lastKnownFileType = sourcecode.swift; path = billsView.swift; sourceTree = "<group>"; };
		F95591BB2A6AB5FB00BCE289 /* onboardingView.swift */ = {isa = PBXFileReference; lastKnownFileType = sourcecode.swift; path = onboardingView.swift; sourceTree = "<group>"; };
		F962F43A2A672852002ED871 /* budgetApp.app */ = {isa = PBXFileReference; explicitFileType = wrapper.application; includeInIndex = 0; path = budgetApp.app; sourceTree = BUILT_PRODUCTS_DIR; };
		F962F43D2A672852002ED871 /* budgetAppApp.swift */ = {isa = PBXFileReference; lastKnownFileType = sourcecode.swift; path = budgetAppApp.swift; sourceTree = "<group>"; };
		F962F43F2A672852002ED871 /* ContentView.swift */ = {isa = PBXFileReference; lastKnownFileType = sourcecode.swift; path = ContentView.swift; sourceTree = "<group>"; };
		F962F4412A672853002ED871 /* Assets.xcassets */ = {isa = PBXFileReference; lastKnownFileType = folder.assetcatalog; path = Assets.xcassets; sourceTree = "<group>"; };
		F962F4432A672853002ED871 /* budgetApp.entitlements */ = {isa = PBXFileReference; lastKnownFileType = text.plist.entitlements; path = budgetApp.entitlements; sourceTree = "<group>"; };
		F962F4452A672853002ED871 /* Preview Assets.xcassets */ = {isa = PBXFileReference; lastKnownFileType = folder.assetcatalog; path = "Preview Assets.xcassets"; sourceTree = "<group>"; };
/* End PBXFileReference section */

/* Begin PBXFrameworksBuildPhase section */
		F962F4372A672852002ED871 /* Frameworks */ = {
			isa = PBXFrameworksBuildPhase;
			buildActionMask = 2147483647;
			files = (
			);
			runOnlyForDeploymentPostprocessing = 0;
		};
/* End PBXFrameworksBuildPhase section */

/* Begin PBXGroup section */
		F9097FF32A6FF2DF00479D1B /* Payment-Bills */ = {
			isa = PBXGroup;
			children = (
				F95591B72A69862E00BCE289 /* billsVM.swift */,
				F95591B92A6987CA00BCE289 /* billsView.swift */,
				F92742842A7298AB00945BE8 /* billsListView.swift */,
			);
			path = "Payment-Bills";
			sourceTree = "<group>";
		};
		F927427F2A70363800945BE8 /* Tags */ = {
			isa = PBXGroup;
			children = (
				F927427D2A70363500945BE8 /* tagsVM.swift */,
				F92742802A703C7C00945BE8 /* tagsView.swift */,
			);
			path = Tags;
			sourceTree = "<group>";
		};
		F962F4312A672852002ED871 = {
			isa = PBXGroup;
			children = (
				F962F43C2A672852002ED871 /* budgetApp */,
				F962F43B2A672852002ED871 /* Products */,
			);
			sourceTree = "<group>";
		};
		F962F43B2A672852002ED871 /* Products */ = {
			isa = PBXGroup;
			children = (
				F962F43A2A672852002ED871 /* budgetApp.app */,
			);
			name = Products;
			sourceTree = "<group>";
		};
		F962F43C2A672852002ED871 /* budgetApp */ = {
			isa = PBXGroup;
			children = (
				F91079892A6AD7AC008ADBAF /* Info.plist */,
				F962F43D2A672852002ED871 /* budgetAppApp.swift */,
				F95591BB2A6AB5FB00BCE289 /* onboardingView.swift */,
				F962F43F2A672852002ED871 /* ContentView.swift */,
				F95591B52A695CFE00BCE289 /* appStorage.swift */,
				F9097FF52A6FF32900479D1B /* monthResetView.swift */,
				F92742822A703C9400945BE8 /* UserDefaultsManager.swift */,
				F927427F2A70363800945BE8 /* Tags */,
				F9097FF32A6FF2DF00479D1B /* Payment-Bills */,
				F962F4412A672853002ED871 /* Assets.xcassets */,
				F962F4432A672853002ED871 /* budgetApp.entitlements */,
				F962F4442A672853002ED871 /* Preview Content */,
			);
			path = budgetApp;
			sourceTree = "<group>";
		};
		F962F4442A672853002ED871 /* Preview Content */ = {
			isa = PBXGroup;
			children = (
				F962F4452A672853002ED871 /* Preview Assets.xcassets */,
			);
			path = "Preview Content";
			sourceTree = "<group>";
		};
/* End PBXGroup section */

/* Begin PBXNativeTarget section */
		F962F4392A672852002ED871 /* budgetApp */ = {
			isa = PBXNativeTarget;
			buildConfigurationList = F962F4492A672853002ED871 /* Build configuration list for PBXNativeTarget "budgetApp" */;
			buildPhases = (
				F962F4362A672852002ED871 /* Sources */,
				F962F4372A672852002ED871 /* Frameworks */,
				F962F4382A672852002ED871 /* Resources */,
			);
			buildRules = (
			);
			dependencies = (
			);
			name = budgetApp;
			productName = budgetApp;
			productReference = F962F43A2A672852002ED871 /* budgetApp.app */;
			productType = "com.apple.product-type.application";
		};
/* End PBXNativeTarget section */

/* Begin PBXProject section */
		F962F4322A672852002ED871 /* Project object */ = {
			isa = PBXProject;
			attributes = {
				BuildIndependentTargetsInParallel = 1;
				LastSwiftUpdateCheck = 1430;
				LastUpgradeCheck = 1430;
				TargetAttributes = {
					F962F4392A672852002ED871 = {
						CreatedOnToolsVersion = 14.3.1;
					};
				};
			};
			buildConfigurationList = F962F4352A672852002ED871 /* Build configuration list for PBXProject "budgetApp" */;
			compatibilityVersion = "Xcode 14.0";
			developmentRegion = en;
			hasScannedForEncodings = 0;
			knownRegions = (
				en,
				Base,
			);
			mainGroup = F962F4312A672852002ED871;
			productRefGroup = F962F43B2A672852002ED871 /* Products */;
			projectDirPath = "";
			projectRoot = "";
			targets = (
				F962F4392A672852002ED871 /* budgetApp */,
			);
		};
/* End PBXProject section */

/* Begin PBXResourcesBuildPhase section */
		F962F4382A672852002ED871 /* Resources */ = {
			isa = PBXResourcesBuildPhase;
			buildActionMask = 2147483647;
			files = (
				F962F4462A672853002ED871 /* Preview Assets.xcassets in Resources */,
				F962F4422A672853002ED871 /* Assets.xcassets in Resources */,
			);
			runOnlyForDeploymentPostprocessing = 0;
		};
/* End PBXResourcesBuildPhase section */

/* Begin PBXSourcesBuildPhase section */
		F962F4362A672852002ED871 /* Sources */ = {
			isa = PBXSourcesBuildPhase;
			buildActionMask = 2147483647;
			files = (
				F9097FF62A6FF32900479D1B /* monthResetView.swift in Sources */,
				F927427E2A70363500945BE8 /* tagsVM.swift in Sources */,
				F95591B82A69862E00BCE289 /* billsVM.swift in Sources */,
				F962F4402A672852002ED871 /* ContentView.swift in Sources */,
				F95591BA2A6987CA00BCE289 /* billsView.swift in Sources */,
				F95591BC2A6AB5FB00BCE289 /* onboardingView.swift in Sources */,
				F92742832A703C9400945BE8 /* UserDefaultsManager.swift in Sources */,
				F95591B62A695CFE00BCE289 /* appStorage.swift in Sources */,
				F92742812A703C7C00945BE8 /* tagsView.swift in Sources */,
				F92742852A7298AB00945BE8 /* billsListView.swift in Sources */,
				F962F43E2A672852002ED871 /* budgetAppApp.swift in Sources */,
			);
			runOnlyForDeploymentPostprocessing = 0;
		};
/* End PBXSourcesBuildPhase section */

/* Begin XCBuildConfiguration section */
		F962F4472A672853002ED871 /* Debug */ = {
			isa = XCBuildConfiguration;
			buildSettings = {
				ALWAYS_SEARCH_USER_PATHS = NO;
				CLANG_ANALYZER_NONNULL = YES;
				CLANG_ANALYZER_NUMBER_OBJECT_CONVERSION = YES_AGGRESSIVE;
				CLANG_CXX_LANGUAGE_STANDARD = "gnu++20";
				CLANG_ENABLE_MODULES = YES;
				CLANG_ENABLE_OBJC_ARC = YES;
				CLANG_ENABLE_OBJC_WEAK = YES;
				CLANG_WARN_BLOCK_CAPTURE_AUTORELEASING = YES;
				CLANG_WARN_BOOL_CONVERSION = YES;
				CLANG_WARN_COMMA = YES;
				CLANG_WARN_CONSTANT_CONVERSION = YES;
				CLANG_WARN_DEPRECATED_OBJC_IMPLEMENTATIONS = YES;
				CLANG_WARN_DIRECT_OBJC_ISA_USAGE = YES_ERROR;
				CLANG_WARN_DOCUMENTATION_COMMENTS = YES;
				CLANG_WARN_EMPTY_BODY = YES;
				CLANG_WARN_ENUM_CONVERSION = YES;
				CLANG_WARN_INFINITE_RECURSION = YES;
				CLANG_WARN_INT_CONVERSION = YES;
				CLANG_WARN_NON_LITERAL_NULL_CONVERSION = YES;
				CLANG_WARN_OBJC_IMPLICIT_RETAIN_SELF = YES;
				CLANG_WARN_OBJC_LITERAL_CONVERSION = YES;
				CLANG_WARN_OBJC_ROOT_CLASS = YES_ERROR;
				CLANG_WARN_QUOTED_INCLUDE_IN_FRAMEWORK_HEADER = YES;
				CLANG_WARN_RANGE_LOOP_ANALYSIS = YES;
				CLANG_WARN_STRICT_PROTOTYPES = YES;
				CLANG_WARN_SUSPICIOUS_MOVE = YES;
				CLANG_WARN_UNGUARDED_AVAILABILITY = YES_AGGRESSIVE;
				CLANG_WARN_UNREACHABLE_CODE = YES;
				CLANG_WARN__DUPLICATE_METHOD_MATCH = YES;
				COPY_PHASE_STRIP = NO;
				DEBUG_INFORMATION_FORMAT = dwarf;
				ENABLE_STRICT_OBJC_MSGSEND = YES;
				ENABLE_TESTABILITY = YES;
				GCC_C_LANGUAGE_STANDARD = gnu11;
				GCC_DYNAMIC_NO_PIC = NO;
				GCC_NO_COMMON_BLOCKS = YES;
				GCC_OPTIMIZATION_LEVEL = 0;
				GCC_PREPROCESSOR_DEFINITIONS = (
					"DEBUG=1",
					"$(inherited)",
				);
				GCC_WARN_64_TO_32_BIT_CONVERSION = YES;
				GCC_WARN_ABOUT_RETURN_TYPE = YES_ERROR;
				GCC_WARN_UNDECLARED_SELECTOR = YES;
				GCC_WARN_UNINITIALIZED_AUTOS = YES_AGGRESSIVE;
				GCC_WARN_UNUSED_FUNCTION = YES;
				GCC_WARN_UNUSED_VARIABLE = YES;
				MTL_ENABLE_DEBUG_INFO = INCLUDE_SOURCE;
				MTL_FAST_MATH = YES;
				ONLY_ACTIVE_ARCH = YES;
				SWIFT_ACTIVE_COMPILATION_CONDITIONS = DEBUG;
				SWIFT_OPTIMIZATION_LEVEL = "-Onone";
			};
			name = Debug;
		};
		F962F4482A672853002ED871 /* Release */ = {
			isa = XCBuildConfiguration;
			buildSettings = {
				ALWAYS_SEARCH_USER_PATHS = NO;
				CLANG_ANALYZER_NONNULL = YES;
				CLANG_ANALYZER_NUMBER_OBJECT_CONVERSION = YES_AGGRESSIVE;
				CLANG_CXX_LANGUAGE_STANDARD = "gnu++20";
				CLANG_ENABLE_MODULES = YES;
				CLANG_ENABLE_OBJC_ARC = YES;
				CLANG_ENABLE_OBJC_WEAK = YES;
				CLANG_WARN_BLOCK_CAPTURE_AUTORELEASING = YES;
				CLANG_WARN_BOOL_CONVERSION = YES;
				CLANG_WARN_COMMA = YES;
				CLANG_WARN_CONSTANT_CONVERSION = YES;
				CLANG_WARN_DEPRECATED_OBJC_IMPLEMENTATIONS = YES;
				CLANG_WARN_DIRECT_OBJC_ISA_USAGE = YES_ERROR;
				CLANG_WARN_DOCUMENTATION_COMMENTS = YES;
				CLANG_WARN_EMPTY_BODY = YES;
				CLANG_WARN_ENUM_CONVERSION = YES;
				CLANG_WARN_INFINITE_RECURSION = YES;
				CLANG_WARN_INT_CONVERSION = YES;
				CLANG_WARN_NON_LITERAL_NULL_CONVERSION = YES;
				CLANG_WARN_OBJC_IMPLICIT_RETAIN_SELF = YES;
				CLANG_WARN_OBJC_LITERAL_CONVERSION = YES;
				CLANG_WARN_OBJC_ROOT_CLASS = YES_ERROR;
				CLANG_WARN_QUOTED_INCLUDE_IN_FRAMEWORK_HEADER = YES;
				CLANG_WARN_RANGE_LOOP_ANALYSIS = YES;
				CLANG_WARN_STRICT_PROTOTYPES = YES;
				CLANG_WARN_SUSPICIOUS_MOVE = YES;
				CLANG_WARN_UNGUARDED_AVAILABILITY = YES_AGGRESSIVE;
				CLANG_WARN_UNREACHABLE_CODE = YES;
				CLANG_WARN__DUPLICATE_METHOD_MATCH = YES;
				COPY_PHASE_STRIP = NO;
				DEBUG_INFORMATION_FORMAT = "dwarf-with-dsym";
				ENABLE_NS_ASSERTIONS = NO;
				ENABLE_STRICT_OBJC_MSGSEND = YES;
				GCC_C_LANGUAGE_STANDARD = gnu11;
				GCC_NO_COMMON_BLOCKS = YES;
				GCC_WARN_64_TO_32_BIT_CONVERSION = YES;
				GCC_WARN_ABOUT_RETURN_TYPE = YES_ERROR;
				GCC_WARN_UNDECLARED_SELECTOR = YES;
				GCC_WARN_UNINITIALIZED_AUTOS = YES_AGGRESSIVE;
				GCC_WARN_UNUSED_FUNCTION = YES;
				GCC_WARN_UNUSED_VARIABLE = YES;
				MTL_ENABLE_DEBUG_INFO = NO;
				MTL_FAST_MATH = YES;
				SWIFT_COMPILATION_MODE = wholemodule;
				SWIFT_OPTIMIZATION_LEVEL = "-O";
			};
			name = Release;
		};
		F962F44A2A672853002ED871 /* Debug */ = {
			isa = XCBuildConfiguration;
			buildSettings = {
				ASSETCATALOG_COMPILER_APPICON_NAME = AppIcon;
				ASSETCATALOG_COMPILER_GLOBAL_ACCENT_COLOR_NAME = AccentColor;
				CODE_SIGN_ENTITLEMENTS = budgetApp/budgetApp.entitlements;
				CODE_SIGN_STYLE = Automatic;
				CURRENT_PROJECT_VERSION = 4;
				DEVELOPMENT_ASSET_PATHS = "\"budgetApp/Preview Content\"";
				DEVELOPMENT_TEAM = 6X6KX8WVK5;
				ENABLE_HARDENED_RUNTIME = YES;
				ENABLE_PREVIEWS = YES;
				GENERATE_INFOPLIST_FILE = YES;
				INFOPLIST_FILE = budgetApp/Info.plist;
				INFOPLIST_KEY_CFBundleDisplayName = "Family Budgeting";
				INFOPLIST_KEY_LSApplicationCategoryType = "public.app-category.finance";
				"INFOPLIST_KEY_UIApplicationSceneManifest_Generation[sdk=iphoneos*]" = YES;
				"INFOPLIST_KEY_UIApplicationSceneManifest_Generation[sdk=iphonesimulator*]" = YES;
				"INFOPLIST_KEY_UIApplicationSupportsIndirectInputEvents[sdk=iphoneos*]" = YES;
				"INFOPLIST_KEY_UIApplicationSupportsIndirectInputEvents[sdk=iphonesimulator*]" = YES;
				"INFOPLIST_KEY_UILaunchScreen_Generation[sdk=iphoneos*]" = YES;
				"INFOPLIST_KEY_UILaunchScreen_Generation[sdk=iphonesimulator*]" = YES;
				"INFOPLIST_KEY_UIStatusBarStyle[sdk=iphoneos*]" = UIStatusBarStyleDefault;
				"INFOPLIST_KEY_UIStatusBarStyle[sdk=iphonesimulator*]" = UIStatusBarStyleDefault;
				INFOPLIST_KEY_UISupportedInterfaceOrientations = UIInterfaceOrientationPortrait;
				INFOPLIST_KEY_UISupportedInterfaceOrientations_iPad = "UIInterfaceOrientationLandscapeLeft UIInterfaceOrientationLandscapeRight UIInterfaceOrientationPortrait UIInterfaceOrientationPortraitUpsideDown";
				IPHONEOS_DEPLOYMENT_TARGET = 16.0;
				LD_RUNPATH_SEARCH_PATHS = "@executable_path/Frameworks";
				"LD_RUNPATH_SEARCH_PATHS[sdk=macosx*]" = "@executable_path/../Frameworks";
				MACOSX_DEPLOYMENT_TARGET = 13.3;
				MARKETING_VERSION = 0.5;
				PRODUCT_BUNDLE_IDENTIFIER = com.mbrazill.budgetApp;
				PRODUCT_NAME = "$(TARGET_NAME)";
				SDKROOT = auto;
				SUPPORTED_PLATFORMS = "iphoneos iphonesimulator";
				SUPPORTS_MACCATALYST = NO;
				SUPPORTS_MAC_DESIGNED_FOR_IPHONE_IPAD = NO;
				SWIFT_EMIT_LOC_STRINGS = YES;
				SWIFT_VERSION = 5.0;
				TARGETED_DEVICE_FAMILY = 1;
			};
			name = Debug;
		};
		F962F44B2A672853002ED871 /* Release */ = {
			isa = XCBuildConfiguration;
			buildSettings = {
				ASSETCATALOG_COMPILER_APPICON_NAME = AppIcon;
				ASSETCATALOG_COMPILER_GLOBAL_ACCENT_COLOR_NAME = AccentColor;
				CODE_SIGN_ENTITLEMENTS = budgetApp/budgetApp.entitlements;
				CODE_SIGN_STYLE = Automatic;
				CURRENT_PROJECT_VERSION = 4;
				DEVELOPMENT_ASSET_PATHS = "\"budgetApp/Preview Content\"";
				DEVELOPMENT_TEAM = 6X6KX8WVK5;
				ENABLE_HARDENED_RUNTIME = YES;
				ENABLE_PREVIEWS = YES;
				GENERATE_INFOPLIST_FILE = YES;
				INFOPLIST_FILE = budgetApp/Info.plist;
				INFOPLIST_KEY_CFBundleDisplayName = "Family Budgeting";
				INFOPLIST_KEY_LSApplicationCategoryType = "public.app-category.finance";
				"INFOPLIST_KEY_UIApplicationSceneManifest_Generation[sdk=iphoneos*]" = YES;
				"INFOPLIST_KEY_UIApplicationSceneManifest_Generation[sdk=iphonesimulator*]" = YES;
				"INFOPLIST_KEY_UIApplicationSupportsIndirectInputEvents[sdk=iphoneos*]" = YES;
				"INFOPLIST_KEY_UIApplicationSupportsIndirectInputEvents[sdk=iphonesimulator*]" = YES;
				"INFOPLIST_KEY_UILaunchScreen_Generation[sdk=iphoneos*]" = YES;
				"INFOPLIST_KEY_UILaunchScreen_Generation[sdk=iphonesimulator*]" = YES;
				"INFOPLIST_KEY_UIStatusBarStyle[sdk=iphoneos*]" = UIStatusBarStyleDefault;
				"INFOPLIST_KEY_UIStatusBarStyle[sdk=iphonesimulator*]" = UIStatusBarStyleDefault;
				INFOPLIST_KEY_UISupportedInterfaceOrientations = UIInterfaceOrientationPortrait;
				INFOPLIST_KEY_UISupportedInterfaceOrientations_iPad = "UIInterfaceOrientationLandscapeLeft UIInterfaceOrientationLandscapeRight UIInterfaceOrientationPortrait UIInterfaceOrientationPortraitUpsideDown";
				IPHONEOS_DEPLOYMENT_TARGET = 16.0;
				LD_RUNPATH_SEARCH_PATHS = "@executable_path/Frameworks";
				"LD_RUNPATH_SEARCH_PATHS[sdk=macosx*]" = "@executable_path/../Frameworks";
				MACOSX_DEPLOYMENT_TARGET = 13.3;
				MARKETING_VERSION = 0.5;
				PRODUCT_BUNDLE_IDENTIFIER = com.mbrazill.budgetApp;
				PRODUCT_NAME = "$(TARGET_NAME)";
				SDKROOT = auto;
				SUPPORTED_PLATFORMS = "iphoneos iphonesimulator";
				SUPPORTS_MACCATALYST = NO;
				SUPPORTS_MAC_DESIGNED_FOR_IPHONE_IPAD = NO;
				SWIFT_EMIT_LOC_STRINGS = YES;
				SWIFT_VERSION = 5.0;
				TARGETED_DEVICE_FAMILY = 1;
			};
			name = Release;
		};
/* End XCBuildConfiguration section */

/* Begin XCConfigurationList section */
		F962F4352A672852002ED871 /* Build configuration list for PBXProject "budgetApp" */ = {
			isa = XCConfigurationList;
			buildConfigurations = (
				F962F4472A672853002ED871 /* Debug */,
				F962F4482A672853002ED871 /* Release */,
			);
			defaultConfigurationIsVisible = 0;
			defaultConfigurationName = Release;
		};
		F962F4492A672853002ED871 /* Build configuration list for PBXNativeTarget "budgetApp" */ = {
			isa = XCConfigurationList;
			buildConfigurations = (
				F962F44A2A672853002ED871 /* Debug */,
				F962F44B2A672853002ED871 /* Release */,
			);
			defaultConfigurationIsVisible = 0;
			defaultConfigurationName = Release;
		};
/* End XCConfigurationList section */
	};
	rootObject = F962F4322A672852002ED871 /* Project object */;
}
